{
  "object": {
    "pins": [
      {
        "package": "SyntaxTree",
        "repositoryURL": "https://github.com/nerdsupremacist/SyntaxTree.git",
        "state": {
          "branch": "main",
          "revision": "1a4a5432cdf4f57eea1c8c3802d8fe1b947e7967",
          "version": null
        }
      }
    ]
  },
  "version": 1
}
